
Microsoft Visual Studio Solution File, Format Version 12.00
# Visual Studio Version 17
VisualStudioVersion = 17.8.34309.116
MinimumVisualStudioVersion = 10.0.40219.1
Project("{9A19103F-16F7-4668-BE54-9A1E7A4F7556}") = "LantekCodingChallenge.WebApp", "LantekCodingChallenge.WebApp\LantekCodingChallenge.WebApp.csproj", "{C9C1AC07-FA61-4E74-B056-885B4002A9B9}"
EndProject
Project("{2150E333-8FDC-42A3-9474-1A3956D46DE8}") = "Tests", "Tests", "{51B21C7F-2353-4D55-ABE0-B82C65F19B17}"
EndProject
Project("{FAE04EC0-301F-11D3-BF4B-00C04F79EFBC}") = "LantekCodingChallenge.TestAPI", "LantekCodingChallenge.TestAPI\LantekCodingChallenge.TestAPI.csproj", "{6195F0E8-F5FA-4A95-8727-4EF4631768EC}"
EndProject
Project("{FAE04EC0-301F-11D3-BF4B-00C04F79EFBC}") = "LantekCodingChallenge.Services", "LantekCodingChallenge.Services\LantekCodingChallenge.Services.csproj", "{AB037DE6-CC9A-4378-9249-41D692065532}"
EndProject
Project("{FAE04EC0-301F-11D3-BF4B-00C04F79EFBC}") = "LantekCodingChallenge.Models", "LantekCodingChallenge.Models\LantekCodingChallenge.Models.csproj", "{2B42F815-1652-4F82-BDA6-1944CE9F7DAF}"
EndProject
Project("{2150E333-8FDC-42A3-9474-1A3956D46DE8}") = "Elementos de la solución", "Elementos de la solución", "{23E9A854-E608-4137-BC03-661D2EE770F2}"
	ProjectSection(SolutionItems) = preProject
		Answers to technical questions.md = Answers to technical questions.md
	EndProjectSection
EndProject
Global
	GlobalSection(SolutionConfigurationPlatforms) = preSolution
		Debug|Any CPU = Debug|Any CPU
		Release|Any CPU = Release|Any CPU
	EndGlobalSection
	GlobalSection(ProjectConfigurationPlatforms) = postSolution
		{C9C1AC07-FA61-4E74-B056-885B4002A9B9}.Debug|Any CPU.ActiveCfg = Debug|Any CPU
		{C9C1AC07-FA61-4E74-B056-885B4002A9B9}.Debug|Any CPU.Build.0 = Debug|Any CPU
		{C9C1AC07-FA61-4E74-B056-885B4002A9B9}.Release|Any CPU.ActiveCfg = Release|Any CPU
		{C9C1AC07-FA61-4E74-B056-885B4002A9B9}.Release|Any CPU.Build.0 = Release|Any CPU
		{6195F0E8-F5FA-4A95-8727-4EF4631768EC}.Debug|Any CPU.ActiveCfg = Debug|Any CPU
		{6195F0E8-F5FA-4A95-8727-4EF4631768EC}.Debug|Any CPU.Build.0 = Debug|Any CPU
		{6195F0E8-F5FA-4A95-8727-4EF4631768EC}.Release|Any CPU.ActiveCfg = Release|Any CPU
		{6195F0E8-F5FA-4A95-8727-4EF4631768EC}.Release|Any CPU.Build.0 = Release|Any CPU
		{AB037DE6-CC9A-4378-9249-41D692065532}.Debug|Any CPU.ActiveCfg = Debug|Any CPU
		{AB037DE6-CC9A-4378-9249-41D692065532}.Debug|Any CPU.Build.0 = Debug|Any CPU
		{AB037DE6-CC9A-4378-9249-41D692065532}.Release|Any CPU.ActiveCfg = Release|Any CPU
		{AB037DE6-CC9A-4378-9249-41D692065532}.Release|Any CPU.Build.0 = Release|Any CPU
		{2B42F815-1652-4F82-BDA6-1944CE9F7DAF}.Debug|Any CPU.ActiveCfg = Debug|Any CPU
		{2B42F815-1652-4F82-BDA6-1944CE9F7DAF}.Debug|Any CPU.Build.0 = Debug|Any CPU
		{2B42F815-1652-4F82-BDA6-1944CE9F7DAF}.Release|Any CPU.ActiveCfg = Release|Any CPU
		{2B42F815-1652-4F82-BDA6-1944CE9F7DAF}.Release|Any CPU.Build.0 = Release|Any CPU
	EndGlobalSection
	GlobalSection(SolutionProperties) = preSolution
		HideSolutionNode = FALSE
	EndGlobalSection
	GlobalSection(NestedProjects) = preSolution
		{6195F0E8-F5FA-4A95-8727-4EF4631768EC} = {51B21C7F-2353-4D55-ABE0-B82C65F19B17}
	EndGlobalSection
	GlobalSection(ExtensibilityGlobals) = postSolution
		SolutionGuid = {2370426D-1F13-4134-BA70-41471EBB4FE0}
	EndGlobalSection
EndGlobal
